
Microsoft Visual Studio Solution File, Format Version 12.00
# Visual Studio Version 17
VisualStudioVersion = 17.0.31710.8
MinimumVisualStudioVersion = 10.0.40219.1
Project("{F2A71F9B-5D33-465A-A702-920D77279786}") = "DOSP_Project1", "DOSP_Project1.fsproj", "{C245EAC7-EB59-455A-AFCE-23249528EA7E}"
EndProject
Global
	GlobalSection(SolutionConfigurationPlatforms) = preSolution
		Debug|Any CPU = Debug|Any CPU
		Release|Any CPU = Release|Any CPU
	EndGlobalSection
	GlobalSection(ProjectConfigurationPlatforms) = postSolution
		{C245EAC7-EB59-455A-AFCE-23249528EA7E}.Debug|Any CPU.ActiveCfg = Debug|Any CPU
		{C245EAC7-EB59-455A-AFCE-23249528EA7E}.Debug|Any CPU.Build.0 = Debug|Any CPU
		{C245EAC7-EB59-455A-AFCE-23249528EA7E}.Release|Any CPU.ActiveCfg = Release|Any CPU
		{C245EAC7-EB59-455A-AFCE-23249528EA7E}.Release|Any CPU.Build.0 = Release|Any CPU
	EndGlobalSection
	GlobalSection(SolutionProperties) = preSolution
		HideSolutionNode = FALSE
	EndGlobalSection
	GlobalSection(ExtensibilityGlobals) = postSolution
		SolutionGuid = {4D49E429-CCD7-4514-820A-7F6A48C45B9F}
	EndGlobalSection
EndGlobal
